
Microsoft Visual Studio Solution File, Format Version 12.00
# Visual Studio Version 16
VisualStudioVersion = 16.0.31129.286
MinimumVisualStudioVersion = 10.0.40219.1
Project("{FAE04EC0-301F-11D3-BF4B-00C04F79EFBC}") = "ProjetcMVC", "ProjetcMVC\ProjetcMVC.csproj", "{D65EA0F2-1F91-4629-ADCE-CD80484F242C}"
EndProject
Global
	GlobalSection(SolutionConfigurationPlatforms) = preSolution
		Debug|Any CPU = Debug|Any CPU
		Release|Any CPU = Release|Any CPU
	EndGlobalSection
	GlobalSection(ProjectConfigurationPlatforms) = postSolution
		{D65EA0F2-1F91-4629-ADCE-CD80484F242C}.Debug|Any CPU.ActiveCfg = Debug|Any CPU
		{D65EA0F2-1F91-4629-ADCE-CD80484F242C}.Debug|Any CPU.Build.0 = Debug|Any CPU
		{D65EA0F2-1F91-4629-ADCE-CD80484F242C}.Release|Any CPU.ActiveCfg = Release|Any CPU
		{D65EA0F2-1F91-4629-ADCE-CD80484F242C}.Release|Any CPU.Build.0 = Release|Any CPU
	EndGlobalSection
	GlobalSection(SolutionProperties) = preSolution
		HideSolutionNode = FALSE
	EndGlobalSection
	GlobalSection(ExtensibilityGlobals) = postSolution
		SolutionGuid = {A28DE43C-CA72-4909-9211-7F345E995457}
	EndGlobalSection
EndGlobal
